
Microsoft Visual Studio Solution File, Format Version 12.00
# Visual Studio Version 17
VisualStudioVersion = 17.0.31903.59
MinimumVisualStudioVersion = 10.0.40219.1
Project("{FAE04EC0-301F-11D3-BF4B-00C04F79EFBC}") = "PrimeService", "PrimeService\PrimeService.csproj", "{FEE63AE5-03F6-4A0B-93B0-7FFEA41A421A}"
EndProject
Project("{FAE04EC0-301F-11D3-BF4B-00C04F79EFBC}") = "PrimeService.Tests", "PrimeService.Tests\PrimeService.Tests.csproj", "{76A1D453-01AE-40A4-B1B7-DD095C1F9D71}"
EndProject
Project("{FAE04EC0-301F-11D3-BF4B-00C04F79EFBC}") = "PrimeService.Cli", "PrimeService.Cli\PrimeService.Cli.csproj", "{F94825CE-098F-4694-9FC6-BCA922138AB9}"
EndProject
Project("{FAE04EC0-301F-11D3-BF4B-00C04F79EFBC}") = "PrimeService.DAL", "PrimeService.DAL\PrimeService.DAL.csproj", "{B0E55BBF-38A4-493F-9D1B-1149FF4EC612}"
EndProject
Project("{FAE04EC0-301F-11D3-BF4B-00C04F79EFBC}") = "PrimeService.API", "PrimeService.API\PrimeService.API.csproj", "{7719CB45-5618-4D59-81AC-376D35FACB0C}"
EndProject
Global
	GlobalSection(SolutionConfigurationPlatforms) = preSolution
		Debug|Any CPU = Debug|Any CPU
		Release|Any CPU = Release|Any CPU
	EndGlobalSection
	GlobalSection(SolutionProperties) = preSolution
		HideSolutionNode = FALSE
	EndGlobalSection
	GlobalSection(ProjectConfigurationPlatforms) = postSolution
		{FEE63AE5-03F6-4A0B-93B0-7FFEA41A421A}.Debug|Any CPU.ActiveCfg = Debug|Any CPU
		{FEE63AE5-03F6-4A0B-93B0-7FFEA41A421A}.Debug|Any CPU.Build.0 = Debug|Any CPU
		{FEE63AE5-03F6-4A0B-93B0-7FFEA41A421A}.Release|Any CPU.ActiveCfg = Release|Any CPU
		{FEE63AE5-03F6-4A0B-93B0-7FFEA41A421A}.Release|Any CPU.Build.0 = Release|Any CPU
		{76A1D453-01AE-40A4-B1B7-DD095C1F9D71}.Debug|Any CPU.ActiveCfg = Debug|Any CPU
		{76A1D453-01AE-40A4-B1B7-DD095C1F9D71}.Debug|Any CPU.Build.0 = Debug|Any CPU
		{76A1D453-01AE-40A4-B1B7-DD095C1F9D71}.Release|Any CPU.ActiveCfg = Release|Any CPU
		{76A1D453-01AE-40A4-B1B7-DD095C1F9D71}.Release|Any CPU.Build.0 = Release|Any CPU
		{F94825CE-098F-4694-9FC6-BCA922138AB9}.Debug|Any CPU.ActiveCfg = Debug|Any CPU
		{F94825CE-098F-4694-9FC6-BCA922138AB9}.Debug|Any CPU.Build.0 = Debug|Any CPU
		{F94825CE-098F-4694-9FC6-BCA922138AB9}.Release|Any CPU.ActiveCfg = Release|Any CPU
		{F94825CE-098F-4694-9FC6-BCA922138AB9}.Release|Any CPU.Build.0 = Release|Any CPU
		{B0E55BBF-38A4-493F-9D1B-1149FF4EC612}.Debug|Any CPU.ActiveCfg = Debug|Any CPU
		{B0E55BBF-38A4-493F-9D1B-1149FF4EC612}.Debug|Any CPU.Build.0 = Debug|Any CPU
		{B0E55BBF-38A4-493F-9D1B-1149FF4EC612}.Release|Any CPU.ActiveCfg = Release|Any CPU
		{B0E55BBF-38A4-493F-9D1B-1149FF4EC612}.Release|Any CPU.Build.0 = Release|Any CPU
		{7719CB45-5618-4D59-81AC-376D35FACB0C}.Debug|Any CPU.ActiveCfg = Debug|Any CPU
		{7719CB45-5618-4D59-81AC-376D35FACB0C}.Debug|Any CPU.Build.0 = Debug|Any CPU
		{7719CB45-5618-4D59-81AC-376D35FACB0C}.Release|Any CPU.ActiveCfg = Release|Any CPU
		{7719CB45-5618-4D59-81AC-376D35FACB0C}.Release|Any CPU.Build.0 = Release|Any CPU
	EndGlobalSection
EndGlobal
